# This file is generated by running "yarn install" inside your project.
# Manual changes might be lost - proceed with caution!

__metadata:
  version: 8
  cacheKey: 10c0

"ci@npm:^2.3.0":
  version: 2.3.0
  resolution: "ci@npm:2.3.0"
  bin:
    ci: dist/cli.js
  checksum: 10c0/34e3945a018e4a16b8dd6c828c38d2c78673e62b6d673465cb6288bdb2b28728d11003d861a900bac5a87b484cd34129471ed852d241b8b86c05ebe05d0dcb9b
  languageName: node
  linkType: hard

"root-workspace-0b6124@workspace:.":
  version: 0.0.0-use.local
  resolution: "root-workspace-0b6124@workspace:."
  dependencies:
    ci: "npm:^2.3.0"
  languageName: unknown
  linkType: soft
